// !$*UTF8*$!
{
	archiveVersion = 1;
	classes = {
	};
	objectVersion = 46;
	objects = {

/* Begin PBXBuildFile section */
		F2B9BE801CCE50FF00E43896 /* AppDelegate.swift in Sources */ = {isa = PBXBuildFile; fileRef = F2B9BE7F1CCE50FF00E43896 /* AppDelegate.swift */; };
		F2B9BE821CCE50FF00E43896 /* ViewController.swift in Sources */ = {isa = PBXBuildFile; fileRef = F2B9BE811CCE50FF00E43896 /* ViewController.swift */; };
		F2B9BE851CCE50FF00E43896 /* Main.storyboard in Resources */ = {isa = PBXBuildFile; fileRef = F2B9BE831CCE50FF00E43896 /* Main.storyboard */; };
		F2B9BE881CCE50FF00E43896 /* test.xcdatamodeld in Sources */ = {isa = PBXBuildFile; fileRef = F2B9BE861CCE50FF00E43896 /* test.xcdatamodeld */; };
		F2B9BE8A1CCE50FF00E43896 /* Assets.xcassets in Resources */ = {isa = PBXBuildFile; fileRef = F2B9BE891CCE50FF00E43896 /* Assets.xcassets */; };
		F2B9BE8D1CCE50FF00E43896 /* LaunchScreen.storyboard in Resources */ = {isa = PBXBuildFile; fileRef = F2B9BE8B1CCE50FF00E43896 /* LaunchScreen.storyboard */; };
		F2B9BE981CCE50FF00E43896 /* testTests.swift in Sources */ = {isa = PBXBuildFile; fileRef = F2B9BE971CCE50FF00E43896 /* testTests.swift */; };
		F2B9BEA31CCE50FF00E43896 /* testUITests.swift in Sources */ = {isa = PBXBuildFile; fileRef = F2B9BEA21CCE50FF00E43896 /* testUITests.swift */; };
/* End PBXBuildFile section */

/* Begin PBXContainerItemProxy section */
		F2B9BE941CCE50FF00E43896 /* PBXContainerItemProxy */ = {
			isa = PBXContainerItemProxy;
			containerPortal = F2B9BE741CCE50FF00E43896 /* Project object */;
			proxyType = 1;
			remoteGlobalIDString = F2B9BE7B1CCE50FF00E43896;
			remoteInfo = test;
		};
		F2B9BE9F1CCE50FF00E43896 /* PBXContainerItemProxy */ = {
			isa = PBXContainerItemProxy;
			containerPortal = F2B9BE741CCE50FF00E43896 /* Project object */;
			proxyType = 1;
			remoteGlobalIDString = F2B9BE7B1CCE50FF00E43896;
			remoteInfo = test;
		};
/* End PBXContainerItemProxy section */

/* Begin PBXFileReference section */
		F2B9BE7C1CCE50FF00E43896 /* test.app */ = {isa = PBXFileReference; explicitFileType = wrapper.application; includeInIndex = 0; path = test.app; sourceTree = BUILT_PRODUCTS_DIR; };
		F2B9BE7F1CCE50FF00E43896 /* AppDelegate.swift */ = {isa = PBXFileReference; lastKnownFileType = sourcecode.swift; path = AppDelegate.swift; sourceTree = "<group>"; };
		F2B9BE811CCE50FF00E43896 /* ViewController.swift */ = {isa = PBXFileReference; lastKnownFileType = sourcecode.swift; path = ViewController.swift; sourceTree = "<group>"; };
		F2B9BE841CCE50FF00E43896 /* Base */ = {isa = PBXFileReference; lastKnownFileType = file.storyboard; name = Base; path = Base.lproj/Main.storyboard; sourceTree = "<group>"; };
		F2B9BE871CCE50FF00E43896 /* test.xcdatamodel */ = {isa = PBXFileReference; lastKnownFileType = wrapper.xcdatamodel; path = test.xcdatamodel; sourceTree = "<group>"; };
		F2B9BE891CCE50FF00E43896 /* Assets.xcassets */ = {isa = PBXFileReference; lastKnownFileType = folder.assetcatalog; path = Assets.xcassets; sourceTree = "<group>"; };
		F2B9BE8C1CCE50FF00E43896 /* Base */ = {isa = PBXFileReference; lastKnownFileType = file.storyboard; name = Base; path = Base.lproj/LaunchScreen.storyboard; sourceTree = "<group>"; };
		F2B9BE8E1CCE50FF00E43896 /* Info.plist */ = {isa = PBXFileReference; lastKnownFileType = text.plist.xml; path = Info.plist; sourceTree = "<group>"; };
		F2B9BE931CCE50FF00E43896 /* testTests.xctest */ = {isa = PBXFileReference; explicitFileType = wrapper.cfbundle; includeInIndex = 0; path = testTests.xctest; sourceTree = BUILT_PRODUCTS_DIR; };
		F2B9BE971CCE50FF00E43896 /* testTests.swift */ = {isa = PBXFileReference; lastKnownFileType = sourcecode.swift; path = testTests.swift; sourceTree = "<group>"; };
		F2B9BE991CCE50FF00E43896 /* Info.plist */ = {isa = PBXFileReference; lastKnownFileType = text.plist.xml; path = Info.plist; sourceTree = "<group>"; };
		F2B9BE9E1CCE50FF00E43896 /* testUITests.xctest */ = {isa = PBXFileReference; explicitFileType = wrapper.cfbundle; includeInIndex = 0; path = testUITests.xctest; sourceTree = BUILT_PRODUCTS_DIR; };
		F2B9BEA21CCE50FF00E43896 /* testUITests.swift */ = {isa = PBXFileReference; lastKnownFileType = sourcecode.swift; path = testUITests.swift; sourceTree = "<group>"; };
		F2B9BEA41CCE50FF00E43896 /* Info.plist */ = {isa = PBXFileReference; lastKnownFileType = text.plist.xml; path = Info.plist; sourceTree = "<group>"; };
/* End PBXFileReference section */

/* Begin PBXFrameworksBuildPhase section */
		F2B9BE791CCE50FF00E43896 /* Frameworks */ = {
			isa = PBXFrameworksBuildPhase;
			buildActionMask = 2147483647;
			files = (
			);
			runOnlyForDeploymentPostprocessing = 0;
		};
		F2B9BE901CCE50FF00E43896 /* Frameworks */ = {
			isa = PBXFrameworksBuildPhase;
			buildActionMask = 2147483647;
			files = (
			);
			runOnlyForDeploymentPostprocessing = 0;
		};
		F2B9BE9B1CCE50FF00E43896 /* Frameworks */ = {
			isa = PBXFrameworksBuildPhase;
			buildActionMask = 2147483647;
			files = (
			);
			runOnlyForDeploymentPostprocessing = 0;
		};
/* End PBXFrameworksBuildPhase section */

/* Begin PBXGroup section */
		F2B9BE731CCE50FF00E43896 = {
			isa = PBXGroup;
			children = (
				F2B9BE7E1CCE50FF00E43896 /* test */,
				F2B9BE961CCE50FF00E43896 /* testTests */,
				F2B9BEA11CCE50FF00E43896 /* testUITests */,
				F2B9BE7D1CCE50FF00E43896 /* Products */,
			);
			sourceTree = "<group>";
		};
		F2B9BE7D1CCE50FF00E43896 /* Products */ = {
			isa = PBXGroup;
			children = (
				F2B9BE7C1CCE50FF00E43896 /* test.app */,
				F2B9BE931CCE50FF00E43896 /* testTests.xctest */,
				F2B9BE9E1CCE50FF00E43896 /* testUITests.xctest */,
			);
			name = Products;
			sourceTree = "<group>";
		};
		F2B9BE7E1CCE50FF00E43896 /* test */ = {
			isa = PBXGroup;
			children = (
				F2B9BE7F1CCE50FF00E43896 /* AppDelegate.swift */,
				F2B9BE811CCE50FF00E43896 /* ViewController.swift */,
				F2B9BE831CCE50FF00E43896 /* Main.storyboard */,
				F2B9BE891CCE50FF00E43896 /* Assets.xcassets */,
				F2B9BE8B1CCE50FF00E43896 /* LaunchScreen.storyboard */,
				F2B9BE8E1CCE50FF00E43896 /* Info.plist */,
				F2B9BE861CCE50FF00E43896 /* test.xcdatamodeld */,
			);
			path = test;
			sourceTree = "<group>";
		};
		F2B9BE961CCE50FF00E43896 /* testTests */ = {
			isa = PBXGroup;
			children = (
				F2B9BE971CCE50FF00E43896 /* testTests.swift */,
				F2B9BE991CCE50FF00E43896 /* Info.plist */,
			);
			path = testTests;
			sourceTree = "<group>";
		};
		F2B9BEA11CCE50FF00E43896 /* testUITests */ = {
			isa = PBXGroup;
			children = (
				F2B9BEA21CCE50FF00E43896 /* testUITests.swift */,
				F2B9BEA41CCE50FF00E43896 /* Info.plist */,
			);
			path = testUITests;
			sourceTree = "<group>";
		};
/* End PBXGroup section */

/* Begin PBXNativeTarget section */
		F2B9BE7B1CCE50FF00E43896 /* test */ = {
			isa = PBXNativeTarget;
			buildConfigurationList = F2B9BEA71CCE50FF00E43896 /* Build configuration list for PBXNativeTarget "test" */;
			buildPhases = (
				F2B9BE781CCE50FF00E43896 /* Sources */,
				F2B9BE791CCE50FF00E43896 /* Frameworks */,
				F2B9BE7A1CCE50FF00E43896 /* Resources */,
			);
			buildRules = (
			);
			dependencies = (
			);
			name = test;
			productName = test;
			productReference = F2B9BE7C1CCE50FF00E43896 /* test.app */;
			productType = "com.apple.product-type.application";
		};
		F2B9BE921CCE50FF00E43896 /* testTests */ = {
			isa = PBXNativeTarget;
			buildConfigurationList = F2B9BEAA1CCE50FF00E43896 /* Build configuration list for PBXNativeTarget "testTests" */;
			buildPhases = (
				F2B9BE8F1CCE50FF00E43896 /* Sources */,
				F2B9BE901CCE50FF00E43896 /* Frameworks */,
				F2B9BE911CCE50FF00E43896 /* Resources */,
			);
			buildRules = (
			);
			dependencies = (
				F2B9BE951CCE50FF00E43896 /* PBXTargetDependency */,
			);
			name = testTests;
			productName = testTests;
			productReference = F2B9BE931CCE50FF00E43896 /* testTests.xctest */;
			productType = "com.apple.product-type.bundle.unit-test";
		};
		F2B9BE9D1CCE50FF00E43896 /* testUITests */ = {
			isa = PBXNativeTarget;
			buildConfigurationList = F2B9BEAD1CCE50FF00E43896 /* Build configuration list for PBXNativeTarget "testUITests" */;
			buildPhases = (
				F2B9BE9A1CCE50FF00E43896 /* Sources */,
				F2B9BE9B1CCE50FF00E43896 /* Frameworks */,
				F2B9BE9C1CCE50FF00E43896 /* Resources */,
			);
			buildRules = (
			);
			dependencies = (
				F2B9BEA01CCE50FF00E43896 /* PBXTargetDependency */,
			);
			name = testUITests;
			productName = testUITests;
			productReference = F2B9BE9E1CCE50FF00E43896 /* testUITests.xctest */;
			productType = "com.apple.product-type.bundle.ui-testing";
		};
/* End PBXNativeTarget section */

/* Begin PBXProject section */
		F2B9BE741CCE50FF00E43896 /* Project object */ = {
			isa = PBXProject;
			attributes = {
				LastUpgradeCheck = 0710;
				ORGANIZATIONNAME = "杨泽奇";
				TargetAttributes = {
					F2B9BE7B1CCE50FF00E43896 = {
						CreatedOnToolsVersion = 7.1;
					};
					F2B9BE921CCE50FF00E43896 = {
						CreatedOnToolsVersion = 7.1;
						TestTargetID = F2B9BE7B1CCE50FF00E43896;
					};
					F2B9BE9D1CCE50FF00E43896 = {
						CreatedOnToolsVersion = 7.1;
						TestTargetID = F2B9BE7B1CCE50FF00E43896;
					};
				};
			};
			buildConfigurationList = F2B9BE771CCE50FF00E43896 /* Build configuration list for PBXProject "test" */;
			compatibilityVersion = "Xcode 3.2";
			developmentRegion = English;
			hasScannedForEncodings = 0;
			knownRegions = (
				en,
				Base,
			);
			mainGroup = F2B9BE731CCE50FF00E43896;
			productRefGroup = F2B9BE7D1CCE50FF00E43896 /* Products */;
			projectDirPath = "";
			projectRoot = "";
			targets = (
				F2B9BE7B1CCE50FF00E43896 /* test */,
				F2B9BE921CCE50FF00E43896 /* testTests */,
				F2B9BE9D1CCE50FF00E43896 /* testUITests */,
			);
		};
/* End PBXProject section */

/* Begin PBXResourcesBuildPhase section */
		F2B9BE7A1CCE50FF00E43896 /* Resources */ = {
			isa = PBXResourcesBuildPhase;
			buildActionMask = 2147483647;
			files = (
				F2B9BE8D1CCE50FF00E43896 /* LaunchScreen.storyboard in Resources */,
				F2B9BE8A1CCE50FF00E43896 /* Assets.xcassets in Resources */,
				F2B9BE851CCE50FF00E43896 /* Main.storyboard in Resources */,
			);
			runOnlyForDeploymentPostprocessing = 0;
		};
		F2B9BE911CCE50FF00E43896 /* Resources */ = {
			isa = PBXResourcesBuildPhase;
			buildActionMask = 2147483647;
			files = (
			);
			runOnlyForDeploymentPostprocessing = 0;
		};
		F2B9BE9C1CCE50FF00E43896 /* Resources */ = {
			isa = PBXResourcesBuildPhase;
			buildActionMask = 2147483647;
			files = (
			);
			runOnlyForDeploymentPostprocessing = 0;
		};
/* End PBXResourcesBuildPhase section */

/* Begin PBXSourcesBuildPhase section */
		F2B9BE781CCE50FF00E43896 /* Sources */ = {
			isa = PBXSourcesBuildPhase;
			buildActionMask = 2147483647;
			files = (
				F2B9BE821CCE50FF00E43896 /* ViewController.swift in Sources */,
				F2B9BE801CCE50FF00E43896 /* AppDelegate.swift in Sources */,
				F2B9BE881CCE50FF00E43896 /* test.xcdatamodeld in Sources */,
			);
			runOnlyForDeploymentPostprocessing = 0;
		};
		F2B9BE8F1CCE50FF00E43896 /* Sources */ = {
			isa = PBXSourcesBuildPhase;
			buildActionMask = 2147483647;
			files = (
				F2B9BE981CCE50FF00E43896 /* testTests.swift in Sources */,
			);
			runOnlyForDeploymentPostprocessing = 0;
		};
		F2B9BE9A1CCE50FF00E43896 /* Sources */ = {
			isa = PBXSourcesBuildPhase;
			buildActionMask = 2147483647;
			files = (
				F2B9BEA31CCE50FF00E43896 /* testUITests.swift in Sources */,
			);
			runOnlyForDeploymentPostprocessing = 0;
		};
/* End PBXSourcesBuildPhase section */

/* Begin PBXTargetDependency section */
		F2B9BE951CCE50FF00E43896 /* PBXTargetDependency */ = {
			isa = PBXTargetDependency;
			target = F2B9BE7B1CCE50FF00E43896 /* test */;
			targetProxy = F2B9BE941CCE50FF00E43896 /* PBXContainerItemProxy */;
		};
		F2B9BEA01CCE50FF00E43896 /* PBXTargetDependency */ = {
			isa = PBXTargetDependency;
			target = F2B9BE7B1CCE50FF00E43896 /* test */;
			targetProxy = F2B9BE9F1CCE50FF00E43896 /* PBXContainerItemProxy */;
		};
/* End PBXTargetDependency section */

/* Begin PBXVariantGroup section */
		F2B9BE831CCE50FF00E43896 /* Main.storyboard */ = {
			isa = PBXVariantGroup;
			children = (
				F2B9BE841CCE50FF00E43896 /* Base */,
			);
			name = Main.storyboard;
			sourceTree = "<group>";
		};
		F2B9BE8B1CCE50FF00E43896 /* LaunchScreen.storyboard */ = {
			isa = PBXVariantGroup;
			children = (
				F2B9BE8C1CCE50FF00E43896 /* Base */,
			);
			name = LaunchScreen.storyboard;
			sourceTree = "<group>";
		};
/* End PBXVariantGroup section */

/* Begin XCBuildConfiguration section */
		F2B9BEA51CCE50FF00E43896 /* Debug */ = {
			isa = XCBuildConfiguration;
			buildSettings = {
				ALWAYS_SEARCH_USER_PATHS = NO;
				CLANG_CXX_LANGUAGE_STANDARD = "gnu++0x";
				CLANG_CXX_LIBRARY = "libc++";
				CLANG_ENABLE_MODULES = YES;
				CLANG_ENABLE_OBJC_ARC = YES;
				CLANG_WARN_BOOL_CONVERSION = YES;
				CLANG_WARN_CONSTANT_CONVERSION = YES;
				CLANG_WARN_DIRECT_OBJC_ISA_USAGE = YES_ERROR;
				CLANG_WARN_EMPTY_BODY = YES;
				CLANG_WARN_ENUM_CONVERSION = YES;
				CLANG_WARN_INT_CONVERSION = YES;
				CLANG_WARN_OBJC_ROOT_CLASS = YES_ERROR;
				CLANG_WARN_UNREACHABLE_CODE = YES;
				CLANG_WARN__DUPLICATE_METHOD_MATCH = YES;
				"CODE_SIGN_IDENTITY[sdk=iphoneos*]" = "iPhone Developer";
				COPY_PHASE_STRIP = NO;
				DEBUG_INFORMATION_FORMAT = dwarf;
				ENABLE_STRICT_OBJC_MSGSEND = YES;
				ENABLE_TESTABILITY = YES;
				GCC_C_LANGUAGE_STANDARD = gnu99;
				GCC_DYNAMIC_NO_PIC = NO;
				GCC_NO_COMMON_BLOCKS = YES;
				GCC_OPTIMIZATION_LEVEL = 0;
				GCC_PREPROCESSOR_DEFINITIONS = (
					"DEBUG=1",
					"$(inherited)",
				);
				GCC_WARN_64_TO_32_BIT_CONVERSION = YES;
				GCC_WARN_ABOUT_RETURN_TYPE = YES_ERROR;
				GCC_WARN_UNDECLARED_SELECTOR = YES;
				GCC_WARN_UNINITIALIZED_AUTOS = YES_AGGRESSIVE;
				GCC_WARN_UNUSED_FUNCTION = YES;
				GCC_WARN_UNUSED_VARIABLE = YES;
				IPHONEOS_DEPLOYMENT_TARGET = 9.1;
				MTL_ENABLE_DEBUG_INFO = YES;
				ONLY_ACTIVE_ARCH = YES;
				SDKROOT = iphoneos;
				SWIFT_OPTIMIZATION_LEVEL = "-Onone";
			};
			name = Debug;
		};
		F2B9BEA61CCE50FF00E43896 /* Release */ = {
			isa = XCBuildConfiguration;
			buildSettings = {
				ALWAYS_SEARCH_USER_PATHS = NO;
				CLANG_CXX_LANGUAGE_STANDARD = "gnu++0x";
				CLANG_CXX_LIBRARY = "libc++";
				CLANG_ENABLE_MODULES = YES;
				CLANG_ENABLE_OBJC_ARC = YES;
				CLANG_WARN_BOOL_CONVERSION = YES;
				CLANG_WARN_CONSTANT_CONVERSION = YES;
				CLANG_WARN_DIRECT_OBJC_ISA_USAGE = YES_ERROR;
				CLANG_WARN_EMPTY_BODY = YES;
				CLANG_WARN_ENUM_CONVERSION = YES;
				CLANG_WARN_INT_CONVERSION = YES;
				CLANG_WARN_OBJC_ROOT_CLASS = YES_ERROR;
				CLANG_WARN_UNREACHABLE_CODE = YES;
				CLANG_WARN__DUPLICATE_METHOD_MATCH = YES;
				"CODE_SIGN_IDENTITY[sdk=iphoneos*]" = "iPhone Developer";
				COPY_PHASE_STRIP = NO;
				DEBUG_INFORMATION_FORMAT = "dwarf-with-dsym";
				ENABLE_NS_ASSERTIONS = NO;
				ENABLE_STRICT_OBJC_MSGSEND = YES;
				GCC_C_LANGUAGE_STANDARD = gnu99;
				GCC_NO_COMMON_BLOCKS = YES;
				GCC_WARN_64_TO_32_BIT_CONVERSION = YES;
				GCC_WARN_ABOUT_RETURN_TYPE = YES_ERROR;
				GCC_WARN_UNDECLARED_SELECTOR = YES;
				GCC_WARN_UNINITIALIZED_AUTOS = YES_AGGRESSIVE;
				GCC_WARN_UNUSED_FUNCTION = YES;
				GCC_WARN_UNUSED_VARIABLE = YES;
				IPHONEOS_DEPLOYMENT_TARGET = 9.1;
				MTL_ENABLE_DEBUG_INFO = NO;
				SDKROOT = iphoneos;
				VALIDATE_PRODUCT = YES;
			};
			name = Release;
		};
		F2B9BEA81CCE50FF00E43896 /* Debug */ = {
			isa = XCBuildConfiguration;
			buildSettings = {
				ASSETCATALOG_COMPILER_APPICON_NAME = AppIcon;
				INFOPLIST_FILE = test/Info.plist;
				LD_RUNPATH_SEARCH_PATHS = "$(inherited) @executable_path/Frameworks";
				PRODUCT_BUNDLE_IDENTIFIER = www.imnu.edu.cn.test;
				PRODUCT_NAME = "$(TARGET_NAME)";
			};
			name = Debug;
		};
		F2B9BEA91CCE50FF00E43896 /* Release */ = {
			isa = XCBuildConfiguration;
			buildSettings = {
				ASSETCATALOG_COMPILER_APPICON_NAME = AppIcon;
				INFOPLIST_FILE = test/Info.plist;
				LD_RUNPATH_SEARCH_PATHS = "$(inherited) @executable_path/Frameworks";
				PRODUCT_BUNDLE_IDENTIFIER = www.imnu.edu.cn.test;
				PRODUCT_NAME = "$(TARGET_NAME)";
			};
			name = Release;
		};
		F2B9BEAB1CCE50FF00E43896 /* Debug */ = {
			isa = XCBuildConfiguration;
			buildSettings = {
				BUNDLE_LOADER = "$(TEST_HOST)";
				INFOPLIST_FILE = testTests/Info.plist;
				LD_RUNPATH_SEARCH_PATHS = "$(inherited) @executable_path/Frameworks @loader_path/Frameworks";
				PRODUCT_BUNDLE_IDENTIFIER = www.imnu.edu.cn.testTests;
				PRODUCT_NAME = "$(TARGET_NAME)";
				TEST_HOST = "$(BUILT_PRODUCTS_DIR)/test.app/test";
			};
			name = Debug;
		};
		F2B9BEAC1CCE50FF00E43896 /* Release */ = {
			isa = XCBuildConfiguration;
			buildSettings = {
				BUNDLE_LOADER = "$(TEST_HOST)";
				INFOPLIST_FILE = testTests/Info.plist;
				LD_RUNPATH_SEARCH_PATHS = "$(inherited) @executable_path/Frameworks @loader_path/Frameworks";
				PRODUCT_BUNDLE_IDENTIFIER = www.imnu.edu.cn.testTests;
				PRODUCT_NAME = "$(TARGET_NAME)";
				TEST_HOST = "$(BUILT_PRODUCTS_DIR)/test.app/test";
			};
			name = Release;
		};
		F2B9BEAE1CCE50FF00E43896 /* Debug */ = {
			isa = XCBuildConfiguration;
			buildSettings = {
				INFOPLIST_FILE = testUITests/Info.plist;
				LD_RUNPATH_SEARCH_PATHS = "$(inherited) @executable_path/Frameworks @loader_path/Frameworks";
				PRODUCT_BUNDLE_IDENTIFIER = www.imnu.edu.cn.testUITests;
				PRODUCT_NAME = "$(TARGET_NAME)";
				TEST_TARGET_NAME = test;
				USES_XCTRUNNER = YES;
			};
			name = Debug;
		};
		F2B9BEAF1CCE50FF00E43896 /* Release */ = {
			isa = XCBuildConfiguration;
			buildSettings = {
				INFOPLIST_FILE = testUITests/Info.plist;
				LD_RUNPATH_SEARCH_PATHS = "$(inherited) @executable_path/Frameworks @loader_path/Frameworks";
				PRODUCT_BUNDLE_IDENTIFIER = www.imnu.edu.cn.testUITests;
				PRODUCT_NAME = "$(TARGET_NAME)";
				TEST_TARGET_NAME = test;
				USES_XCTRUNNER = YES;
			};
			name = Release;
		};
/* End XCBuildConfiguration section */

/* Begin XCConfigurationList section */
		F2B9BE771CCE50FF00E43896 /* Build configuration list for PBXProject "test" */ = {
			isa = XCConfigurationList;
			buildConfigurations = (
				F2B9BEA51CCE50FF00E43896 /* Debug */,
				F2B9BEA61CCE50FF00E43896 /* Release */,
			);
			defaultConfigurationIsVisible = 0;
			defaultConfigurationName = Release;
		};
		F2B9BEA71CCE50FF00E43896 /* Build configuration list for PBXNativeTarget "test" */ = {
			isa = XCConfigurationList;
			buildConfigurations = (
				F2B9BEA81CCE50FF00E43896 /* Debug */,
				F2B9BEA91CCE50FF00E43896 /* Release */,
			);
			defaultConfigurationIsVisible = 0;
		};
		F2B9BEAA1CCE50FF00E43896 /* Build configuration list for PBXNativeTarget "testTests" */ = {
			isa = XCConfigurationList;
			buildConfigurations = (
				F2B9BEAB1CCE50FF00E43896 /* Debug */,
				F2B9BEAC1CCE50FF00E43896 /* Release */,
			);
			defaultConfigurationIsVisible = 0;
		};
		F2B9BEAD1CCE50FF00E43896 /* Build configuration list for PBXNativeTarget "testUITests" */ = {
			isa = XCConfigurationList;
			buildConfigurations = (
				F2B9BEAE1CCE50FF00E43896 /* Debug */,
				F2B9BEAF1CCE50FF00E43896 /* Release */,
			);
			defaultConfigurationIsVisible = 0;
		};
/* End XCConfigurationList section */

/* Begin XCVersionGroup section */
		F2B9BE861CCE50FF00E43896 /* test.xcdatamodeld */ = {
			isa = XCVersionGroup;
			children = (
				F2B9BE871CCE50FF00E43896 /* test.xcdatamodel */,
			);
			currentVersion = F2B9BE871CCE50FF00E43896 /* test.xcdatamodel */;
			path = test.xcdatamodeld;
			sourceTree = "<group>";
			versionGroupType = wrapper.xcdatamodel;
		};
/* End XCVersionGroup section */
	};
	rootObject = F2B9BE741CCE50FF00E43896 /* Project object */;
}
